{
	"name": "@hummer/cli-core",
	"version": "0.1.15",
	"lockfileVersion": 1,
	"requires": true,
	"dependencies": {
		"minimist": {
			"version": "1.2.5",
			"resolved": "http://artifactory.intra.xiaojukeji.com:80/artifactory/api/npm/npm/minimist/download/minimist-1.2.5.tgz",
			"integrity": "sha1-Z9ZgFLZqaoqqDAg8X9WN9OTpdgI="
		}
	}
}