{
	"name": "@hummer/cli-plugin-debug",
	"version": "0.1.15",
	"lockfileVersion": 1,
	"requires": true,
	"dependencies": {
		"ansi-regex": {
			"version": "5.0.0",
			"resolved": "https://registry.npm.taobao.org/ansi-regex/download/ansi-regex-5.0.0.tgz",
			"integrity": "sha1-OIU59VF5vzkznIGvMKZU1p+Hy3U="
		},
		"ansi-styles": {
			"version": "4.3.0",
			"resolved": "https://registry.npm.taobao.org/ansi-styles/download/ansi-styles-4.3.0.tgz",
			"integrity": "sha1-7dgDYornHATIWuegkG7a00tkiTc=",
			"requires": {
				"color-convert": "^2.0.1"
			}
		},
		"camelcase": {
			"version": "5.3.1",
			"resolved": "https://registry.npm.taobao.org/camelcase/download/camelcase-5.3.1.tgz",
			"integrity": "sha1-48mzFWnhBoEd8kL3FXJaH0xJQyA="
		},
		"cliui": {
			"version": "6.0.0",
			"resolved": "https://registry.npm.taobao.org/cliui/download/cliui-6.0.0.tgz?cache=0&sync_timestamp=1604880249159&other_urls=https%3A%2F%2Fregistry.npm.taobao.org%2Fcliui%2Fdownload%2Fcliui-6.0.0.tgz",
			"integrity": "sha1-UR1wLAxOQcoVbX0OlgIfI+EyJbE=",
			"requires": {
				"string-width": "^4.2.0",
				"strip-ansi": "^6.0.0",
				"wrap-ansi": "^6.2.0"
			}
		},
		"color-convert": {
			"version": "2.0.1",
			"resolved": "https://registry.npm.taobao.org/color-convert/download/color-convert-2.0.1.tgz",
			"integrity": "sha1-ctOmjVmMm9s68q0ehPIdiWq9TeM=",
			"requires": {
				"color-name": "~1.1.4"
			}
		},
		"color-name": {
			"version": "1.1.4",
			"resolved": "https://registry.npm.taobao.org/color-name/download/color-name-1.1.4.tgz",
			"integrity": "sha1-wqCah6y95pVD3m9j+jmVyCbFNqI="
		},
		"connect": {
			"version": "3.7.0",
			"resolved": "https://registry.npm.taobao.org/connect/download/connect-3.7.0.tgz",
			"integrity": "sha1-XUk0iRDKpeB6AYALAw0MNfIEhPg=",
			"requires": {
				"debug": "2.6.9",
				"finalhandler": "1.1.2",
				"parseurl": "~1.3.3",
				"utils-merge": "1.0.1"
			}
		},
		"debug": {
			"version": "2.6.9",
			"resolved": "https://registry.npm.taobao.org/debug/download/debug-2.6.9.tgz?cache=0&sync_timestamp=1607566537361&other_urls=https%3A%2F%2Fregistry.npm.taobao.org%2Fdebug%2Fdownload%2Fdebug-2.6.9.tgz",
			"integrity": "sha1-XRKFFd8TT/Mn6QpMk/Tgd6U2NB8=",
			"requires": {
				"ms": "2.0.0"
			}
		},
		"decamelize": {
			"version": "1.2.0",
			"resolved": "https://registry.npm.taobao.org/decamelize/download/decamelize-1.2.0.tgz?cache=0&sync_timestamp=1610348716845&other_urls=https%3A%2F%2Fregistry.npm.taobao.org%2Fdecamelize%2Fdownload%2Fdecamelize-1.2.0.tgz",
			"integrity": "sha1-9lNNFRSCabIDUue+4m9QH5oZEpA="
		},
		"ee-first": {
			"version": "1.1.1",
			"resolved": "https://registry.npm.taobao.org/ee-first/download/ee-first-1.1.1.tgz",
			"integrity": "sha1-WQxhFWsK4vTwJVcyoViyZrxWsh0="
		},
		"emoji-regex": {
			"version": "8.0.0",
			"resolved": "https://registry.npm.taobao.org/emoji-regex/download/emoji-regex-8.0.0.tgz?cache=0&sync_timestamp=1614682798745&other_urls=https%3A%2F%2Fregistry.npm.taobao.org%2Femoji-regex%2Fdownload%2Femoji-regex-8.0.0.tgz",
			"integrity": "sha1-6Bj9ac5cz8tARZT4QpY79TFkzDc="
		},
		"encodeurl": {
			"version": "1.0.2",
			"resolved": "https://registry.npm.taobao.org/encodeurl/download/encodeurl-1.0.2.tgz",
			"integrity": "sha1-rT/0yG7C0CkyL1oCw6mmBslbP1k="
		},
		"escape-html": {
			"version": "1.0.3",
			"resolved": "https://registry.npm.taobao.org/escape-html/download/escape-html-1.0.3.tgz",
			"integrity": "sha1-Aljq5NPQwJdN4cFpGI7wBR0dGYg="
		},
		"finalhandler": {
			"version": "1.1.2",
			"resolved": "https://registry.npm.taobao.org/finalhandler/download/finalhandler-1.1.2.tgz",
			"integrity": "sha1-t+fQAP/RGTjQ/bBTUG9uur6fWH0=",
			"requires": {
				"debug": "2.6.9",
				"encodeurl": "~1.0.2",
				"escape-html": "~1.0.3",
				"on-finished": "~2.3.0",
				"parseurl": "~1.3.3",
				"statuses": "~1.5.0",
				"unpipe": "~1.0.0"
			}
		},
		"find-up": {
			"version": "4.1.0",
			"resolved": "https://registry.npm.taobao.org/find-up/download/find-up-4.1.0.tgz?cache=0&sync_timestamp=1597169884679&other_urls=https%3A%2F%2Fregistry.npm.taobao.org%2Ffind-up%2Fdownload%2Ffind-up-4.1.0.tgz",
			"integrity": "sha1-l6/n1s3AvFkoWEt8jXsW6KmqXRk=",
			"requires": {
				"locate-path": "^5.0.0",
				"path-exists": "^4.0.0"
			}
		},
		"get-caller-file": {
			"version": "2.0.5",
			"resolved": "https://registry.npm.taobao.org/get-caller-file/download/get-caller-file-2.0.5.tgz",
			"integrity": "sha1-T5RBKoLbMvNuOwuXQfipf+sDH34="
		},
		"is-fullwidth-code-point": {
			"version": "3.0.0",
			"resolved": "https://registry.npm.taobao.org/is-fullwidth-code-point/download/is-fullwidth-code-point-3.0.0.tgz",
			"integrity": "sha1-8Rb4Bk/pCz94RKOJl8C3UFEmnx0="
		},
		"locate-path": {
			"version": "5.0.0",
			"resolved": "https://registry.npm.taobao.org/locate-path/download/locate-path-5.0.0.tgz",
			"integrity": "sha1-Gvujlq/WdqbUJQTQpno6frn2KqA=",
			"requires": {
				"p-locate": "^4.1.0"
			}
		},
		"metro-inspector-proxy": {
			"version": "0.64.0",
			"resolved": "https://registry.npm.taobao.org/metro-inspector-proxy/download/metro-inspector-proxy-0.64.0.tgz",
			"integrity": "sha1-mkgbP0l3PVQY4CgXjv7Gj4Yb7Ig=",
			"requires": {
				"connect": "^3.6.5",
				"debug": "^2.2.0",
				"ws": "^1.1.5",
				"yargs": "^15.3.1"
			}
		},
		"ms": {
			"version": "2.0.0",
			"resolved": "https://registry.npm.taobao.org/ms/download/ms-2.0.0.tgz?cache=0&sync_timestamp=1607433899126&other_urls=https%3A%2F%2Fregistry.npm.taobao.org%2Fms%2Fdownload%2Fms-2.0.0.tgz",
			"integrity": "sha1-VgiurfwAvmwpAd9fmGF4jeDVl8g="
		},
		"on-finished": {
			"version": "2.3.0",
			"resolved": "https://registry.npm.taobao.org/on-finished/download/on-finished-2.3.0.tgz",
			"integrity": "sha1-IPEzZIGwg811M3mSoWlxqi2QaUc=",
			"requires": {
				"ee-first": "1.1.1"
			}
		},
		"options": {
			"version": "0.0.6",
			"resolved": "https://registry.npm.taobao.org/options/download/options-0.0.6.tgz",
			"integrity": "sha1-7CLTEoBrtT5zF3Pnza788cZDEo8="
		},
		"p-limit": {
			"version": "2.3.0",
			"resolved": "https://registry.npm.taobao.org/p-limit/download/p-limit-2.3.0.tgz?cache=0&sync_timestamp=1606288362378&other_urls=https%3A%2F%2Fregistry.npm.taobao.org%2Fp-limit%2Fdownload%2Fp-limit-2.3.0.tgz",
			"integrity": "sha1-PdM8ZHohT9//2DWTPrCG2g3CHbE=",
			"requires": {
				"p-try": "^2.0.0"
			}
		},
		"p-locate": {
			"version": "4.1.0",
			"resolved": "https://registry.npm.taobao.org/p-locate/download/p-locate-4.1.0.tgz",
			"integrity": "sha1-o0KLtwiLOmApL2aRkni3wpetTwc=",
			"requires": {
				"p-limit": "^2.2.0"
			}
		},
		"p-try": {
			"version": "2.2.0",
			"resolved": "https://registry.npm.taobao.org/p-try/download/p-try-2.2.0.tgz",
			"integrity": "sha1-yyhoVA4xPWHeWPr741zpAE1VQOY="
		},
		"parseurl": {
			"version": "1.3.3",
			"resolved": "https://registry.npm.taobao.org/parseurl/download/parseurl-1.3.3.tgz",
			"integrity": "sha1-naGee+6NEt/wUT7Vt2lXeTvC6NQ="
		},
		"path-exists": {
			"version": "4.0.0",
			"resolved": "https://registry.npm.taobao.org/path-exists/download/path-exists-4.0.0.tgz",
			"integrity": "sha1-UTvb4tO5XXdi6METfvoZXGxhtbM="
		},
		"require-directory": {
			"version": "2.1.1",
			"resolved": "https://registry.npm.taobao.org/require-directory/download/require-directory-2.1.1.tgz",
			"integrity": "sha1-jGStX9MNqxyXbiNE/+f3kqam30I="
		},
		"require-main-filename": {
			"version": "2.0.0",
			"resolved": "https://registry.npm.taobao.org/require-main-filename/download/require-main-filename-2.0.0.tgz",
			"integrity": "sha1-0LMp7MfMD2Fkn2IhW+aa9UqomJs="
		},
		"set-blocking": {
			"version": "2.0.0",
			"resolved": "https://registry.npm.taobao.org/set-blocking/download/set-blocking-2.0.0.tgz",
			"integrity": "sha1-BF+XgtARrppoA93TgrJDkrPYkPc="
		},
		"statuses": {
			"version": "1.5.0",
			"resolved": "https://registry.npm.taobao.org/statuses/download/statuses-1.5.0.tgz?cache=0&sync_timestamp=1609654090567&other_urls=https%3A%2F%2Fregistry.npm.taobao.org%2Fstatuses%2Fdownload%2Fstatuses-1.5.0.tgz",
			"integrity": "sha1-Fhx9rBd2Wf2YEfQ3cfqZOBR4Yow="
		},
		"string-width": {
			"version": "4.2.2",
			"resolved": "https://registry.npm.taobao.org/string-width/download/string-width-4.2.2.tgz?cache=0&sync_timestamp=1614522217971&other_urls=https%3A%2F%2Fregistry.npm.taobao.org%2Fstring-width%2Fdownload%2Fstring-width-4.2.2.tgz",
			"integrity": "sha1-2v1PlVmnWFz7pSnGoKT3NIjr1MU=",
			"requires": {
				"emoji-regex": "^8.0.0",
				"is-fullwidth-code-point": "^3.0.0",
				"strip-ansi": "^6.0.0"
			}
		},
		"strip-ansi": {
			"version": "6.0.0",
			"resolved": "https://registry.npm.taobao.org/strip-ansi/download/strip-ansi-6.0.0.tgz",
			"integrity": "sha1-CxVx3XZpzNTz4G4U7x7tJiJa5TI=",
			"requires": {
				"ansi-regex": "^5.0.0"
			}
		},
		"ultron": {
			"version": "1.0.2",
			"resolved": "https://registry.npm.taobao.org/ultron/download/ultron-1.0.2.tgz",
			"integrity": "sha1-rOEWq1V80Zc4ak6I9GhTeMiy5Po="
		},
		"unpipe": {
			"version": "1.0.0",
			"resolved": "https://registry.npm.taobao.org/unpipe/download/unpipe-1.0.0.tgz",
			"integrity": "sha1-sr9O6FFKrmFltIF4KdIbLvSZBOw="
		},
		"utils-merge": {
			"version": "1.0.1",
			"resolved": "https://registry.npm.taobao.org/utils-merge/download/utils-merge-1.0.1.tgz",
			"integrity": "sha1-n5VxD1CiZ5R7LMwSR0HBAoQn5xM="
		},
		"which-module": {
			"version": "2.0.0",
			"resolved": "https://registry.npm.taobao.org/which-module/download/which-module-2.0.0.tgz",
			"integrity": "sha1-2e8H3Od7mQK4o6j6SzHD4/fm6Ho="
		},
		"wrap-ansi": {
			"version": "6.2.0",
			"resolved": "https://registry.npm.taobao.org/wrap-ansi/download/wrap-ansi-6.2.0.tgz",
			"integrity": "sha1-6Tk7oHEC5skaOyIUePAlfNKFblM=",
			"requires": {
				"ansi-styles": "^4.0.0",
				"string-width": "^4.1.0",
				"strip-ansi": "^6.0.0"
			}
		},
		"ws": {
			"version": "1.1.5",
			"resolved": "https://registry.npm.taobao.org/ws/download/ws-1.1.5.tgz",
			"integrity": "sha1-y9nm514J/F0skAFfIfDECHXg3VE=",
			"requires": {
				"options": ">=0.0.5",
				"ultron": "1.0.x"
			}
		},
		"y18n": {
			"version": "4.0.1",
			"resolved": "https://registry.npm.taobao.org/y18n/download/y18n-4.0.1.tgz",
			"integrity": "sha1-jbK4PDHF11CZu4kLI/MJSJHiR9Q="
		},
		"yargs": {
			"version": "15.4.1",
			"resolved": "https://registry.npm.taobao.org/yargs/download/yargs-15.4.1.tgz?cache=0&sync_timestamp=1615762663248&other_urls=https%3A%2F%2Fregistry.npm.taobao.org%2Fyargs%2Fdownload%2Fyargs-15.4.1.tgz",
			"integrity": "sha1-DYehbeAa7p2L7Cv7909nhRcw9Pg=",
			"requires": {
				"cliui": "^6.0.0",
				"decamelize": "^1.2.0",
				"find-up": "^4.1.0",
				"get-caller-file": "^2.0.1",
				"require-directory": "^2.1.1",
				"require-main-filename": "^2.0.0",
				"set-blocking": "^2.0.0",
				"string-width": "^4.2.0",
				"which-module": "^2.0.0",
				"y18n": "^4.0.0",
				"yargs-parser": "^18.1.2"
			}
		},
		"yargs-parser": {
			"version": "18.1.3",
			"resolved": "https://registry.npm.taobao.org/yargs-parser/download/yargs-parser-18.1.3.tgz",
			"integrity": "sha1-vmjEl1xrKr9GkjawyHA2L6sJp7A=",
			"requires": {
				"camelcase": "^5.0.0",
				"decamelize": "^1.2.0"
			}
		}
	}
}
